
Microsoft Visual Studio Solution File, Format Version 12.00
# Visual Studio Version 17
VisualStudioVersion = 17.0.31903.59
MinimumVisualStudioVersion = 10.0.40219.1
Project("{2150E333-8FDC-42A3-9474-1A3956D46DE8}") = "Auth.Service", "Auth.Service", "{C82EF1D1-3156-D2C3-F0F3-98D6CC4425D6}"
EndProject
Project("{FAE04EC0-301F-11D3-BF4B-00C04F79EFBC}") = "Auth.API", "Auth.Service\Auth.API\Auth.API.csproj", "{BD60BEA2-8EDD-490F-8849-AF35E8170496}"
EndProject
Project("{FAE04EC0-301F-11D3-BF4B-00C04F79EFBC}") = "Auth.Application", "Auth.Service\Auth.Application\Auth.Application.csproj", "{EB4E33BB-4D7D-44A9-A93C-470051EE2E37}"
EndProject
Project("{FAE04EC0-301F-11D3-BF4B-00C04F79EFBC}") = "Auth.Domain", "Auth.Service\Auth.Domain\Auth.Domain.csproj", "{F74B6F35-E3E8-4073-98B5-5F6C1D3401A1}"
EndProject
Project("{FAE04EC0-301F-11D3-BF4B-00C04F79EFBC}") = "Auth.Infrastructure", "Auth.Service\Auth.Infrastructure\Auth.Infrastructure.csproj", "{F4B069A7-C658-4660-A807-DBBB17DB96B9}"
EndProject
Project("{2150E333-8FDC-42A3-9474-1A3956D46DE8}") = "Event.Service", "Event.Service", "{B1FC3349-6052-A5D3-19AA-7234135A4A8D}"
EndProject
Project("{FAE04EC0-301F-11D3-BF4B-00C04F79EFBC}") = "Event.API", "Event.Service\Event.API\Event.API.csproj", "{9DF47A8A-31B8-40F7-91D3-455175517429}"
EndProject
Project("{FAE04EC0-301F-11D3-BF4B-00C04F79EFBC}") = "Event.Application", "Event.Service\Event.Application\Event.Application.csproj", "{399447F3-C906-42F4-AD96-9F698EA61146}"
EndProject
Project("{FAE04EC0-301F-11D3-BF4B-00C04F79EFBC}") = "Event.Domain", "Event.Service\Event.Domain\Event.Domain.csproj", "{DC9BC6B5-045E-4568-B7D0-4D9ACBD79F56}"
EndProject
Project("{FAE04EC0-301F-11D3-BF4B-00C04F79EFBC}") = "Event.Infrastructure", "Event.Service\Event.Infrastructure\Event.Infrastructure.csproj", "{5004351D-060C-43F1-8541-532A83327D9E}"
EndProject
Project("{2150E333-8FDC-42A3-9474-1A3956D46DE8}") = "Notice.Service", "Notice.Service", "{129EB296-5F8A-AF52-CF1E-92A70154B818}"
EndProject
Project("{FAE04EC0-301F-11D3-BF4B-00C04F79EFBC}") = "Notice.API", "Notice.Service\Notice.API\Notice.API.csproj", "{40BED80A-E6AC-4FD7-9792-7A69949F85FD}"
EndProject
Project("{FAE04EC0-301F-11D3-BF4B-00C04F79EFBC}") = "Notice.Application", "Notice.Service\Notice.Application\Notice.Application.csproj", "{A69EF675-8EC8-4FDD-9771-05B3898A26C7}"
EndProject
Project("{FAE04EC0-301F-11D3-BF4B-00C04F79EFBC}") = "Notice.Domain", "Notice.Service\Notice.Domain\Notice.Domain.csproj", "{F6D32832-347E-4C55-9F3B-A264E472D388}"
EndProject
Project("{FAE04EC0-301F-11D3-BF4B-00C04F79EFBC}") = "Notice.Infrastructure", "Notice.Service\Notice.Infrastructure\Notice.Infrastructure.csproj", "{7EC44E4D-169C-4139-8496-961302538E51}"
EndProject
Global
	GlobalSection(SolutionConfigurationPlatforms) = preSolution
		Debug|Any CPU = Debug|Any CPU
		Debug|x64 = Debug|x64
		Debug|x86 = Debug|x86
		Release|Any CPU = Release|Any CPU
		Release|x64 = Release|x64
		Release|x86 = Release|x86
	EndGlobalSection
	GlobalSection(ProjectConfigurationPlatforms) = postSolution
		{BD60BEA2-8EDD-490F-8849-AF35E8170496}.Debug|Any CPU.ActiveCfg = Debug|Any CPU
		{BD60BEA2-8EDD-490F-8849-AF35E8170496}.Debug|Any CPU.Build.0 = Debug|Any CPU
		{BD60BEA2-8EDD-490F-8849-AF35E8170496}.Debug|x64.ActiveCfg = Debug|Any CPU
		{BD60BEA2-8EDD-490F-8849-AF35E8170496}.Debug|x64.Build.0 = Debug|Any CPU
		{BD60BEA2-8EDD-490F-8849-AF35E8170496}.Debug|x86.ActiveCfg = Debug|Any CPU
		{BD60BEA2-8EDD-490F-8849-AF35E8170496}.Debug|x86.Build.0 = Debug|Any CPU
		{BD60BEA2-8EDD-490F-8849-AF35E8170496}.Release|Any CPU.ActiveCfg = Release|Any CPU
		{BD60BEA2-8EDD-490F-8849-AF35E8170496}.Release|Any CPU.Build.0 = Release|Any CPU
		{BD60BEA2-8EDD-490F-8849-AF35E8170496}.Release|x64.ActiveCfg = Release|Any CPU
		{BD60BEA2-8EDD-490F-8849-AF35E8170496}.Release|x64.Build.0 = Release|Any CPU
		{BD60BEA2-8EDD-490F-8849-AF35E8170496}.Release|x86.ActiveCfg = Release|Any CPU
		{BD60BEA2-8EDD-490F-8849-AF35E8170496}.Release|x86.Build.0 = Release|Any CPU
		{EB4E33BB-4D7D-44A9-A93C-470051EE2E37}.Debug|Any CPU.ActiveCfg = Debug|Any CPU
		{EB4E33BB-4D7D-44A9-A93C-470051EE2E37}.Debug|Any CPU.Build.0 = Debug|Any CPU
		{EB4E33BB-4D7D-44A9-A93C-470051EE2E37}.Debug|x64.ActiveCfg = Debug|Any CPU
		{EB4E33BB-4D7D-44A9-A93C-470051EE2E37}.Debug|x64.Build.0 = Debug|Any CPU
		{EB4E33BB-4D7D-44A9-A93C-470051EE2E37}.Debug|x86.ActiveCfg = Debug|Any CPU
		{EB4E33BB-4D7D-44A9-A93C-470051EE2E37}.Debug|x86.Build.0 = Debug|Any CPU
		{EB4E33BB-4D7D-44A9-A93C-470051EE2E37}.Release|Any CPU.ActiveCfg = Release|Any CPU
		{EB4E33BB-4D7D-44A9-A93C-470051EE2E37}.Release|Any CPU.Build.0 = Release|Any CPU
		{EB4E33BB-4D7D-44A9-A93C-470051EE2E37}.Release|x64.ActiveCfg = Release|Any CPU
		{EB4E33BB-4D7D-44A9-A93C-470051EE2E37}.Release|x64.Build.0 = Release|Any CPU
		{EB4E33BB-4D7D-44A9-A93C-470051EE2E37}.Release|x86.ActiveCfg = Release|Any CPU
		{EB4E33BB-4D7D-44A9-A93C-470051EE2E37}.Release|x86.Build.0 = Release|Any CPU
		{F74B6F35-E3E8-4073-98B5-5F6C1D3401A1}.Debug|Any CPU.ActiveCfg = Debug|Any CPU
		{F74B6F35-E3E8-4073-98B5-5F6C1D3401A1}.Debug|Any CPU.Build.0 = Debug|Any CPU
		{F74B6F35-E3E8-4073-98B5-5F6C1D3401A1}.Debug|x64.ActiveCfg = Debug|Any CPU
		{F74B6F35-E3E8-4073-98B5-5F6C1D3401A1}.Debug|x64.Build.0 = Debug|Any CPU
		{F74B6F35-E3E8-4073-98B5-5F6C1D3401A1}.Debug|x86.ActiveCfg = Debug|Any CPU
		{F74B6F35-E3E8-4073-98B5-5F6C1D3401A1}.Debug|x86.Build.0 = Debug|Any CPU
		{F74B6F35-E3E8-4073-98B5-5F6C1D3401A1}.Release|Any CPU.ActiveCfg = Release|Any CPU
		{F74B6F35-E3E8-4073-98B5-5F6C1D3401A1}.Release|Any CPU.Build.0 = Release|Any CPU
		{F74B6F35-E3E8-4073-98B5-5F6C1D3401A1}.Release|x64.ActiveCfg = Release|Any CPU
		{F74B6F35-E3E8-4073-98B5-5F6C1D3401A1}.Release|x64.Build.0 = Release|Any CPU
		{F74B6F35-E3E8-4073-98B5-5F6C1D3401A1}.Release|x86.ActiveCfg = Release|Any CPU
		{F74B6F35-E3E8-4073-98B5-5F6C1D3401A1}.Release|x86.Build.0 = Release|Any CPU
		{F4B069A7-C658-4660-A807-DBBB17DB96B9}.Debug|Any CPU.ActiveCfg = Debug|Any CPU
		{F4B069A7-C658-4660-A807-DBBB17DB96B9}.Debug|Any CPU.Build.0 = Debug|Any CPU
		{F4B069A7-C658-4660-A807-DBBB17DB96B9}.Debug|x64.ActiveCfg = Debug|Any CPU
		{F4B069A7-C658-4660-A807-DBBB17DB96B9}.Debug|x64.Build.0 = Debug|Any CPU
		{F4B069A7-C658-4660-A807-DBBB17DB96B9}.Debug|x86.ActiveCfg = Debug|Any CPU
		{F4B069A7-C658-4660-A807-DBBB17DB96B9}.Debug|x86.Build.0 = Debug|Any CPU
		{F4B069A7-C658-4660-A807-DBBB17DB96B9}.Release|Any CPU.ActiveCfg = Release|Any CPU
		{F4B069A7-C658-4660-A807-DBBB17DB96B9}.Release|Any CPU.Build.0 = Release|Any CPU
		{F4B069A7-C658-4660-A807-DBBB17DB96B9}.Release|x64.ActiveCfg = Release|Any CPU
		{F4B069A7-C658-4660-A807-DBBB17DB96B9}.Release|x64.Build.0 = Release|Any CPU
		{F4B069A7-C658-4660-A807-DBBB17DB96B9}.Release|x86.ActiveCfg = Release|Any CPU
		{F4B069A7-C658-4660-A807-DBBB17DB96B9}.Release|x86.Build.0 = Release|Any CPU
		{9DF47A8A-31B8-40F7-91D3-455175517429}.Debug|Any CPU.ActiveCfg = Debug|Any CPU
		{9DF47A8A-31B8-40F7-91D3-455175517429}.Debug|Any CPU.Build.0 = Debug|Any CPU
		{9DF47A8A-31B8-40F7-91D3-455175517429}.Debug|x64.ActiveCfg = Debug|Any CPU
		{9DF47A8A-31B8-40F7-91D3-455175517429}.Debug|x64.Build.0 = Debug|Any CPU
		{9DF47A8A-31B8-40F7-91D3-455175517429}.Debug|x86.ActiveCfg = Debug|Any CPU
		{9DF47A8A-31B8-40F7-91D3-455175517429}.Debug|x86.Build.0 = Debug|Any CPU
		{9DF47A8A-31B8-40F7-91D3-455175517429}.Release|Any CPU.ActiveCfg = Release|Any CPU
		{9DF47A8A-31B8-40F7-91D3-455175517429}.Release|Any CPU.Build.0 = Release|Any CPU
		{9DF47A8A-31B8-40F7-91D3-455175517429}.Release|x64.ActiveCfg = Release|Any CPU
		{9DF47A8A-31B8-40F7-91D3-455175517429}.Release|x64.Build.0 = Release|Any CPU
		{9DF47A8A-31B8-40F7-91D3-455175517429}.Release|x86.ActiveCfg = Release|Any CPU
		{9DF47A8A-31B8-40F7-91D3-455175517429}.Release|x86.Build.0 = Release|Any CPU
		{399447F3-C906-42F4-AD96-9F698EA61146}.Debug|Any CPU.ActiveCfg = Debug|Any CPU
		{399447F3-C906-42F4-AD96-9F698EA61146}.Debug|Any CPU.Build.0 = Debug|Any CPU
		{399447F3-C906-42F4-AD96-9F698EA61146}.Debug|x64.ActiveCfg = Debug|Any CPU
		{399447F3-C906-42F4-AD96-9F698EA61146}.Debug|x64.Build.0 = Debug|Any CPU
		{399447F3-C906-42F4-AD96-9F698EA61146}.Debug|x86.ActiveCfg = Debug|Any CPU
		{399447F3-C906-42F4-AD96-9F698EA61146}.Debug|x86.Build.0 = Debug|Any CPU
		{399447F3-C906-42F4-AD96-9F698EA61146}.Release|Any CPU.ActiveCfg = Release|Any CPU
		{399447F3-C906-42F4-AD96-9F698EA61146}.Release|Any CPU.Build.0 = Release|Any CPU
		{399447F3-C906-42F4-AD96-9F698EA61146}.Release|x64.ActiveCfg = Release|Any CPU
		{399447F3-C906-42F4-AD96-9F698EA61146}.Release|x64.Build.0 = Release|Any CPU
		{399447F3-C906-42F4-AD96-9F698EA61146}.Release|x86.ActiveCfg = Release|Any CPU
		{399447F3-C906-42F4-AD96-9F698EA61146}.Release|x86.Build.0 = Release|Any CPU
		{DC9BC6B5-045E-4568-B7D0-4D9ACBD79F56}.Debug|Any CPU.ActiveCfg = Debug|Any CPU
		{DC9BC6B5-045E-4568-B7D0-4D9ACBD79F56}.Debug|Any CPU.Build.0 = Debug|Any CPU
		{DC9BC6B5-045E-4568-B7D0-4D9ACBD79F56}.Debug|x64.ActiveCfg = Debug|Any CPU
		{DC9BC6B5-045E-4568-B7D0-4D9ACBD79F56}.Debug|x64.Build.0 = Debug|Any CPU
		{DC9BC6B5-045E-4568-B7D0-4D9ACBD79F56}.Debug|x86.ActiveCfg = Debug|Any CPU
		{DC9BC6B5-045E-4568-B7D0-4D9ACBD79F56}.Debug|x86.Build.0 = Debug|Any CPU
		{DC9BC6B5-045E-4568-B7D0-4D9ACBD79F56}.Release|Any CPU.ActiveCfg = Release|Any CPU
		{DC9BC6B5-045E-4568-B7D0-4D9ACBD79F56}.Release|Any CPU.Build.0 = Release|Any CPU
		{DC9BC6B5-045E-4568-B7D0-4D9ACBD79F56}.Release|x64.ActiveCfg = Release|Any CPU
		{DC9BC6B5-045E-4568-B7D0-4D9ACBD79F56}.Release|x64.Build.0 = Release|Any CPU
		{DC9BC6B5-045E-4568-B7D0-4D9ACBD79F56}.Release|x86.ActiveCfg = Release|Any CPU
		{DC9BC6B5-045E-4568-B7D0-4D9ACBD79F56}.Release|x86.Build.0 = Release|Any CPU
		{5004351D-060C-43F1-8541-532A83327D9E}.Debug|Any CPU.ActiveCfg = Debug|Any CPU
		{5004351D-060C-43F1-8541-532A83327D9E}.Debug|Any CPU.Build.0 = Debug|Any CPU
		{5004351D-060C-43F1-8541-532A83327D9E}.Debug|x64.ActiveCfg = Debug|Any CPU
		{5004351D-060C-43F1-8541-532A83327D9E}.Debug|x64.Build.0 = Debug|Any CPU
		{5004351D-060C-43F1-8541-532A83327D9E}.Debug|x86.ActiveCfg = Debug|Any CPU
		{5004351D-060C-43F1-8541-532A83327D9E}.Debug|x86.Build.0 = Debug|Any CPU
		{5004351D-060C-43F1-8541-532A83327D9E}.Release|Any CPU.ActiveCfg = Release|Any CPU
		{5004351D-060C-43F1-8541-532A83327D9E}.Release|Any CPU.Build.0 = Release|Any CPU
		{5004351D-060C-43F1-8541-532A83327D9E}.Release|x64.ActiveCfg = Release|Any CPU
		{5004351D-060C-43F1-8541-532A83327D9E}.Release|x64.Build.0 = Release|Any CPU
		{5004351D-060C-43F1-8541-532A83327D9E}.Release|x86.ActiveCfg = Release|Any CPU
		{5004351D-060C-43F1-8541-532A83327D9E}.Release|x86.Build.0 = Release|Any CPU
		{40BED80A-E6AC-4FD7-9792-7A69949F85FD}.Debug|Any CPU.ActiveCfg = Debug|Any CPU
		{40BED80A-E6AC-4FD7-9792-7A69949F85FD}.Debug|Any CPU.Build.0 = Debug|Any CPU
		{40BED80A-E6AC-4FD7-9792-7A69949F85FD}.Debug|x64.ActiveCfg = Debug|Any CPU
		{40BED80A-E6AC-4FD7-9792-7A69949F85FD}.Debug|x64.Build.0 = Debug|Any CPU
		{40BED80A-E6AC-4FD7-9792-7A69949F85FD}.Debug|x86.ActiveCfg = Debug|Any CPU
		{40BED80A-E6AC-4FD7-9792-7A69949F85FD}.Debug|x86.Build.0 = Debug|Any CPU
		{40BED80A-E6AC-4FD7-9792-7A69949F85FD}.Release|Any CPU.ActiveCfg = Release|Any CPU
		{40BED80A-E6AC-4FD7-9792-7A69949F85FD}.Release|Any CPU.Build.0 = Release|Any CPU
		{40BED80A-E6AC-4FD7-9792-7A69949F85FD}.Release|x64.ActiveCfg = Release|Any CPU
		{40BED80A-E6AC-4FD7-9792-7A69949F85FD}.Release|x64.Build.0 = Release|Any CPU
		{40BED80A-E6AC-4FD7-9792-7A69949F85FD}.Release|x86.ActiveCfg = Release|Any CPU
		{40BED80A-E6AC-4FD7-9792-7A69949F85FD}.Release|x86.Build.0 = Release|Any CPU
		{A69EF675-8EC8-4FDD-9771-05B3898A26C7}.Debug|Any CPU.ActiveCfg = Debug|Any CPU
		{A69EF675-8EC8-4FDD-9771-05B3898A26C7}.Debug|Any CPU.Build.0 = Debug|Any CPU
		{A69EF675-8EC8-4FDD-9771-05B3898A26C7}.Debug|x64.ActiveCfg = Debug|Any CPU
		{A69EF675-8EC8-4FDD-9771-05B3898A26C7}.Debug|x64.Build.0 = Debug|Any CPU
		{A69EF675-8EC8-4FDD-9771-05B3898A26C7}.Debug|x86.ActiveCfg = Debug|Any CPU
		{A69EF675-8EC8-4FDD-9771-05B3898A26C7}.Debug|x86.Build.0 = Debug|Any CPU
		{A69EF675-8EC8-4FDD-9771-05B3898A26C7}.Release|Any CPU.ActiveCfg = Release|Any CPU
		{A69EF675-8EC8-4FDD-9771-05B3898A26C7}.Release|Any CPU.Build.0 = Release|Any CPU
		{A69EF675-8EC8-4FDD-9771-05B3898A26C7}.Release|x64.ActiveCfg = Release|Any CPU
		{A69EF675-8EC8-4FDD-9771-05B3898A26C7}.Release|x64.Build.0 = Release|Any CPU
		{A69EF675-8EC8-4FDD-9771-05B3898A26C7}.Release|x86.ActiveCfg = Release|Any CPU
		{A69EF675-8EC8-4FDD-9771-05B3898A26C7}.Release|x86.Build.0 = Release|Any CPU
		{F6D32832-347E-4C55-9F3B-A264E472D388}.Debug|Any CPU.ActiveCfg = Debug|Any CPU
		{F6D32832-347E-4C55-9F3B-A264E472D388}.Debug|Any CPU.Build.0 = Debug|Any CPU
		{F6D32832-347E-4C55-9F3B-A264E472D388}.Debug|x64.ActiveCfg = Debug|Any CPU
		{F6D32832-347E-4C55-9F3B-A264E472D388}.Debug|x64.Build.0 = Debug|Any CPU
		{F6D32832-347E-4C55-9F3B-A264E472D388}.Debug|x86.ActiveCfg = Debug|Any CPU
		{F6D32832-347E-4C55-9F3B-A264E472D388}.Debug|x86.Build.0 = Debug|Any CPU
		{F6D32832-347E-4C55-9F3B-A264E472D388}.Release|Any CPU.ActiveCfg = Release|Any CPU
		{F6D32832-347E-4C55-9F3B-A264E472D388}.Release|Any CPU.Build.0 = Release|Any CPU
		{F6D32832-347E-4C55-9F3B-A264E472D388}.Release|x64.ActiveCfg = Release|Any CPU
		{F6D32832-347E-4C55-9F3B-A264E472D388}.Release|x64.Build.0 = Release|Any CPU
		{F6D32832-347E-4C55-9F3B-A264E472D388}.Release|x86.ActiveCfg = Release|Any CPU
		{F6D32832-347E-4C55-9F3B-A264E472D388}.Release|x86.Build.0 = Release|Any CPU
		{7EC44E4D-169C-4139-8496-961302538E51}.Debug|Any CPU.ActiveCfg = Debug|Any CPU
		{7EC44E4D-169C-4139-8496-961302538E51}.Debug|Any CPU.Build.0 = Debug|Any CPU
		{7EC44E4D-169C-4139-8496-961302538E51}.Debug|x64.ActiveCfg = Debug|Any CPU
		{7EC44E4D-169C-4139-8496-961302538E51}.Debug|x64.Build.0 = Debug|Any CPU
		{7EC44E4D-169C-4139-8496-961302538E51}.Debug|x86.ActiveCfg = Debug|Any CPU
		{7EC44E4D-169C-4139-8496-961302538E51}.Debug|x86.Build.0 = Debug|Any CPU
		{7EC44E4D-169C-4139-8496-961302538E51}.Release|Any CPU.ActiveCfg = Release|Any CPU
		{7EC44E4D-169C-4139-8496-961302538E51}.Release|Any CPU.Build.0 = Release|Any CPU
		{7EC44E4D-169C-4139-8496-961302538E51}.Release|x64.ActiveCfg = Release|Any CPU
		{7EC44E4D-169C-4139-8496-961302538E51}.Release|x64.Build.0 = Release|Any CPU
		{7EC44E4D-169C-4139-8496-961302538E51}.Release|x86.ActiveCfg = Release|Any CPU
		{7EC44E4D-169C-4139-8496-961302538E51}.Release|x86.Build.0 = Release|Any CPU
	EndGlobalSection
	GlobalSection(SolutionProperties) = preSolution
		HideSolutionNode = FALSE
	EndGlobalSection
	GlobalSection(NestedProjects) = preSolution
		{BD60BEA2-8EDD-490F-8849-AF35E8170496} = {C82EF1D1-3156-D2C3-F0F3-98D6CC4425D6}
		{EB4E33BB-4D7D-44A9-A93C-470051EE2E37} = {C82EF1D1-3156-D2C3-F0F3-98D6CC4425D6}
		{F74B6F35-E3E8-4073-98B5-5F6C1D3401A1} = {C82EF1D1-3156-D2C3-F0F3-98D6CC4425D6}
		{F4B069A7-C658-4660-A807-DBBB17DB96B9} = {C82EF1D1-3156-D2C3-F0F3-98D6CC4425D6}
		{9DF47A8A-31B8-40F7-91D3-455175517429} = {B1FC3349-6052-A5D3-19AA-7234135A4A8D}
		{399447F3-C906-42F4-AD96-9F698EA61146} = {B1FC3349-6052-A5D3-19AA-7234135A4A8D}
		{DC9BC6B5-045E-4568-B7D0-4D9ACBD79F56} = {B1FC3349-6052-A5D3-19AA-7234135A4A8D}
		{5004351D-060C-43F1-8541-532A83327D9E} = {B1FC3349-6052-A5D3-19AA-7234135A4A8D}
		{40BED80A-E6AC-4FD7-9792-7A69949F85FD} = {129EB296-5F8A-AF52-CF1E-92A70154B818}
		{A69EF675-8EC8-4FDD-9771-05B3898A26C7} = {129EB296-5F8A-AF52-CF1E-92A70154B818}
		{F6D32832-347E-4C55-9F3B-A264E472D388} = {129EB296-5F8A-AF52-CF1E-92A70154B818}
		{7EC44E4D-169C-4139-8496-961302538E51} = {129EB296-5F8A-AF52-CF1E-92A70154B818}
	EndGlobalSection
EndGlobal
